
Microsoft Visual Studio Solution File, Format Version 12.00
# Visual Studio Version 16
VisualStudioVersion = 16.0.29613.14
MinimumVisualStudioVersion = 10.0.40219.1
Project("{9A19103F-16F7-4668-BE54-9A1E7A4F7556}") = "CurrencyConverterUI", "CurrencyConverterUI\CurrencyConverterUI.csproj", "{230AE1C1-F785-4765-9EAF-F586355107D2}"
EndProject
Project("{FAE04EC0-301F-11D3-BF4B-00C04F79EFBC}") = "Entities", "Entities\Entities.csproj", "{84708EBC-AE22-462E-829E-37688A731BEF}"
EndProject
Global
	GlobalSection(SolutionConfigurationPlatforms) = preSolution
		Debug|Any CPU = Debug|Any CPU
		Release|Any CPU = Release|Any CPU
	EndGlobalSection
	GlobalSection(ProjectConfigurationPlatforms) = postSolution
		{230AE1C1-F785-4765-9EAF-F586355107D2}.Debug|Any CPU.ActiveCfg = Debug|Any CPU
		{230AE1C1-F785-4765-9EAF-F586355107D2}.Debug|Any CPU.Build.0 = Debug|Any CPU
		{230AE1C1-F785-4765-9EAF-F586355107D2}.Release|Any CPU.ActiveCfg = Release|Any CPU
		{230AE1C1-F785-4765-9EAF-F586355107D2}.Release|Any CPU.Build.0 = Release|Any CPU
		{84708EBC-AE22-462E-829E-37688A731BEF}.Debug|Any CPU.ActiveCfg = Debug|Any CPU
		{84708EBC-AE22-462E-829E-37688A731BEF}.Debug|Any CPU.Build.0 = Debug|Any CPU
		{84708EBC-AE22-462E-829E-37688A731BEF}.Release|Any CPU.ActiveCfg = Release|Any CPU
		{84708EBC-AE22-462E-829E-37688A731BEF}.Release|Any CPU.Build.0 = Release|Any CPU
	EndGlobalSection
	GlobalSection(SolutionProperties) = preSolution
		HideSolutionNode = FALSE
	EndGlobalSection
	GlobalSection(ExtensibilityGlobals) = postSolution
		SolutionGuid = {1F40370C-0FF5-4494-8BD3-3A1519BEF999}
	EndGlobalSection
EndGlobal
